# platform: win-64
# env_hash: ffd2b11bf93357e6fa1561503fb1e7e4c0e360763e421e903e5522aede734022
@EXPLICIT
https://conda.anaconda.org/conda-forge/win-64/ca-certificates-2020.12.5-h5b45459_0.tar.bz2#f36a2988a9f57cffdc43929ba67a3a2a
https://conda.anaconda.org/conda-forge/win-64/pandoc-2.13-h8ffe710_0.tar.bz2#61005d2dab3dc58a1c99e997a16896bf
https://conda.anaconda.org/conda-forge/noarch/tzdata-2021a-he74cb21_0.tar.bz2#6f36861f102249fc54861ff9343c3fdd
https://conda.anaconda.org/conda-forge/win-64/vs2015_runtime-14.28.29325-h5e1d092_4.tar.bz2#e89bf06003c46c09ee8628eb76aa9520
https://conda.anaconda.org/conda-forge/win-64/winpty-0.4.3-4.tar.bz2#1cee351bf20b830d991dbe0bc8cd7dfe
https://conda.anaconda.org/conda-forge/win-64/vc-14.2-hb210afc_4.tar.bz2#45ddc2c65ad6c200120db1a682803462
https://conda.anaconda.org/conda-forge/win-64/bzip2-1.0.8-h8ffe710_4.tar.bz2#7c03c66026944073040cb19a4f3ec3c9
https://conda.anaconda.org/conda-forge/win-64/libiconv-1.16-he774522_0.tar.bz2#bdfeadc9348e4d9fbe4821e81bf8f221
https://conda.anaconda.org/conda-forge/win-64/libsodium-1.0.18-h8d14728_1.tar.bz2#5c1fb45b5e2912c19098750ae8a32604
https://conda.anaconda.org/conda-forge/win-64/lz4-c-1.9.3-h8ffe710_0.tar.bz2#5c9a617ed4fbd41f8c564fab236dda60
https://conda.anaconda.org/conda-forge/win-64/lzo-2.10-he774522_1000.tar.bz2#d5cf4b7eaa52316f135eed9e8548ad57
https://conda.anaconda.org/conda-forge/win-64/openssl-1.1.1k-h8ffe710_0.tar.bz2#e94dbe6f21cc34fa9cc3cf26cd42466a
https://conda.anaconda.org/conda-forge/win-64/reproc-14.2.1-h8ffe710_0.tar.bz2#8fdd355ebf4593385112b247a83f5806
https://conda.anaconda.org/conda-forge/win-64/sqlite-3.35.5-h8ffe710_0.tar.bz2#8713caaaabd90ef2a1b0057fe90625ad
https://conda.anaconda.org/conda-forge/win-64/tk-8.6.10-h8ffe710_1.tar.bz2#0796b4624ee7797fca7819459a79c6e6
https://conda.anaconda.org/conda-forge/win-64/xz-5.2.5-h62dcd97_1.tar.bz2#eabcbfedd14d7c18a514afca09ea0ebb
https://conda.anaconda.org/conda-forge/win-64/yaml-0.2.5-he774522_0.tar.bz2#d41c34441d8bbb6d141e691ae7bccf35
https://conda.anaconda.org/conda-forge/win-64/zlib-1.2.11-h62dcd97_1010.tar.bz2#a4cdf389c5f73e60a0ca121ff77c22a9
https://conda.anaconda.org/conda-forge/win-64/krb5-1.19.1-hbae68bd_0.tar.bz2#518741884ccc4022b720acfced197048
https://conda.anaconda.org/conda-forge/win-64/libsolv-0.7.18-h7755175_0.tar.bz2#f623ae3aeb43d6c1427ee2f444525b7a
https://conda.anaconda.org/conda-forge/win-64/libssh2-1.9.0-h680486a_6.tar.bz2#4633dc7f3ab2692be68952ded790dd16
https://conda.anaconda.org/conda-forge/win-64/libxml2-2.9.12-hf5bbc77_0.tar.bz2#0f1e832cbd8ae60708f4419f4b25c208
https://conda.anaconda.org/conda-forge/win-64/python-3.9.4-h7840368_0_cpython.tar.bz2#c71799a5ac031b33ca0a1cc2f99154fd
https://conda.anaconda.org/conda-forge/win-64/reproc-cpp-14.2.1-h0e60522_0.tar.bz2#225f0c12c0bb4f118be96b1766466347
https://conda.anaconda.org/conda-forge/win-64/zeromq-4.3.4-h0e60522_0.tar.bz2#e9004ac5d24937850e9edff978c7e515
https://conda.anaconda.org/conda-forge/win-64/zstd-1.5.0-h6255e5f_0.tar.bz2#3a997ecef5b2cf97db57a6fcf64e4728
https://conda.anaconda.org/conda-forge/win-64/libarchive-3.5.1-hb45042f_2.tar.bz2#be73ac647a3d800c9e503f82e0a9efa5
https://conda.anaconda.org/conda-forge/win-64/libcurl-7.76.1-h789b8ee_2.tar.bz2#03da4e2f381cf20525fd63117d6b9d88
https://conda.anaconda.org/conda-forge/win-64/python_abi-3.9-1_cp39.tar.bz2#4f11fc3c42d6aff5cc1daff5e1e6caca
https://conda.anaconda.org/conda-forge/win-64/pywin32-300-py39hb82d6ee_0.tar.bz2#972c9b98a6f065353ff5395957300618
https://conda.anaconda.org/conda-forge/win-64/menuinst-1.4.16-py39hde42818_1.tar.bz2#e13a5f4263da1d7112abc5e4bb7e1a21
https://conda.anaconda.org/conda-forge/win-64/certifi-2020.12.5-py39hcbf5309_1.tar.bz2#859d8952947ef7bd8aca48f01688a86f
https://conda.anaconda.org/conda-forge/win-64/chardet-4.0.0-py39hcbf5309_1.tar.bz2#2c220000bcacdf633723cd56d0cb4cca
https://conda.anaconda.org/conda-forge/win-64/markupsafe-2.0.1-py39hb82d6ee_0.tar.bz2#e96597f1b745b9d1966b10cd8ed80fc7
https://conda.anaconda.org/conda-forge/win-64/mistune-0.8.4-py39hb82d6ee_1003.tar.bz2#5d3ee1b0b4d1ab7cb54b44eeeebd0b89
https://conda.anaconda.org/conda-forge/win-64/pluggy-0.13.1-py39hcbf5309_4.tar.bz2#e60df93223f07be4606ca22b50b8659a
https://conda.anaconda.org/conda-forge/win-64/pycosat-0.6.3-py39hb82d6ee_1006.tar.bz2#87b50ba527779e910ca6e69d0e832017
https://conda.anaconda.org/conda-forge/win-64/pyrsistent-0.17.3-py39hb82d6ee_2.tar.bz2#ce59f666b4c7535a73589d0bd20dfc7a
https://conda.anaconda.org/conda-forge/win-64/pywinpty-1.1.1-py39h99910a6_0.tar.bz2#bd5f774e376a6b305b3264e281418028
https://conda.anaconda.org/conda-forge/win-64/pyyaml-5.4.1-py39hb82d6ee_0.tar.bz2#c8d78d0cdf41a332900213bd2e0058fc
https://conda.anaconda.org/conda-forge/win-64/pyzmq-22.0.3-py39he46f08e_1.tar.bz2#c4631f53d033b2ac56de13c6ba2c807b
https://conda.anaconda.org/conda-forge/win-64/ruamel_yaml-0.15.80-py39hb82d6ee_1004.tar.bz2#dd90b008d01555e8b231f106b3f346c9
https://conda.anaconda.org/conda-forge/win-64/sniffio-1.2.0-py39hcbf5309_1.tar.bz2#02d836312fbfc68177aa78322ad59d1c
https://conda.anaconda.org/conda-forge/win-64/tornado-6.1-py39hb82d6ee_1.tar.bz2#450d9630dd8efbdf387c80efb851ae31
https://conda.anaconda.org/conda-forge/win-64/win_inet_pton-1.1.0-py39hcbf5309_2.tar.bz2#10d4cf2796ef9d1a71f52056469ad587
https://conda.anaconda.org/conda-forge/win-64/wincertstore-0.2-py39hcbf5309_1006.tar.bz2#19046b323a499a293e68cf77ea12ae63
https://conda.anaconda.org/conda-forge/win-64/pysocks-1.7.1-py39hcbf5309_3.tar.bz2#76b07f5b989c96632eb7d6f2bd0c26aa
https://conda.anaconda.org/conda-forge/win-64/setuptools-49.6.0-py39hcbf5309_3.tar.bz2#135507b182371e6d0cd97c875b7e4913
https://conda.anaconda.org/conda-forge/win-64/terminado-0.10.0-py39hcbf5309_0.tar.bz2#799cc80fa38b7e226325b0519b6ba28f
https://conda.anaconda.org/conda-forge/noarch/appdirs-1.4.4-pyh9f0ad1d_0.tar.bz2#5f095bc6454094e96f146491fd03633b
https://conda.anaconda.org/conda-forge/noarch/async_generator-1.10-py_0.tar.bz2#d56c596e61b1c4952acf0a9920856c12
https://conda.anaconda.org/conda-forge/noarch/atomicwrites-1.4.0-pyh9f0ad1d_0.tar.bz2#5e36230ffaf3b7bb599424592684ae53
https://conda.anaconda.org/conda-forge/noarch/attrs-21.2.0-pyhd8ed1ab_0.tar.bz2#d2e1c7f388ac403df7079b411c37cc50
https://conda.anaconda.org/conda-forge/noarch/backcall-0.2.0-pyh9f0ad1d_0.tar.bz2#6006a6d08a3fa99268a2681c7fb55213
https://conda.anaconda.org/conda-forge/noarch/backports-1.0-py_2.tar.bz2#0da16b293affa6ac31812376f8eb79dd
https://conda.anaconda.org/conda-forge/noarch/backports.functools_lru_cache-1.6.4-pyhd8ed1ab_0.tar.bz2#c5b3edc62d6309088f4970b3eaaa65a6
https://conda.anaconda.org/conda-forge/noarch/colorama-0.4.4-pyh9f0ad1d_0.tar.bz2#c08b4c1326b880ed44f3ffb04803332f
https://conda.anaconda.org/conda-forge/win-64/click-8.0.1-py39hcbf5309_0.tar.bz2#f1c3a0a1a6cebb089646c389f1264fe0
https://conda.anaconda.org/conda-forge/noarch/click-default-group-1.2.2-pyhd8ed1ab_1.tar.bz2#72a46ffc25701c173932fd55cf0965d3
https://conda.anaconda.org/conda-forge/noarch/decorator-5.0.9-pyhd8ed1ab_0.tar.bz2#0ae9cca42e37b5ce6267c2a2b1383546
https://conda.anaconda.org/conda-forge/noarch/defusedxml-0.7.1-pyhd8ed1ab_0.tar.bz2#961b3a227b437d82ad7054484cfa71b2
https://conda.anaconda.org/conda-forge/noarch/entrypoints-0.3-pyhd8ed1ab_1003.tar.bz2#bbf9a201f6ce99a506f4955374d9a9f4
https://conda.anaconda.org/conda-forge/noarch/filelock-3.0.12-pyh9f0ad1d_0.tar.bz2#7544ed05bbbe9bb687bc9bcbe4d6cb46
https://conda.anaconda.org/conda-forge/noarch/idna-2.10-pyh9f0ad1d_0.tar.bz2#f95a12b4f435aae6680fe55ae2eb1b06
https://conda.anaconda.org/conda-forge/win-64/anyio-3.1.0-py39hcbf5309_0.tar.bz2#a94aa54e1d04a3c9d28af0e5dfae2e67
https://conda.anaconda.org/conda-forge/noarch/iniconfig-1.1.1-pyh9f0ad1d_0.tar.bz2#39161f81cc5e5ca45b8226fbb06c6905
https://conda.anaconda.org/conda-forge/noarch/ipython_genutils-0.2.0-py_1.tar.bz2#5071c982548b3a20caf70462f04f5287
https://conda.anaconda.org/conda-forge/noarch/jinja2-3.0.1-pyhd8ed1ab_0.tar.bz2#c647e77921fd3e245cdcc5b2d451a0f8
https://conda.anaconda.org/conda-forge/noarch/json5-0.9.5-pyh9f0ad1d_0.tar.bz2#10759827a94e6b14996e81fb002c0bda
https://conda.anaconda.org/conda-forge/noarch/more-itertools-8.8.0-pyhd8ed1ab_0.tar.bz2#af8d3837f18d331839368bcb9f8cd3d9
https://conda.anaconda.org/conda-forge/noarch/nest-asyncio-1.5.1-pyhd8ed1ab_0.tar.bz2#47a51a5b8f9cc41004c8d7bd88b62447
https://conda.anaconda.org/conda-forge/noarch/pandocfilters-1.4.2-py_1.tar.bz2#ba6f4a308f1ea22abe1d72e72544af76
https://conda.anaconda.org/conda-forge/noarch/parso-0.8.2-pyhd8ed1ab_0.tar.bz2#fb40b157bd62b457a1cc82527b63f0b0
https://conda.anaconda.org/conda-forge/win-64/jedi-0.18.0-py39hcbf5309_2.tar.bz2#3fe801f843f884be4e2d7a6b01656f05
https://conda.anaconda.org/conda-forge/noarch/pickleshare-0.7.5-py_1003.tar.bz2#415f0ebb6198cc2801c73438a9fb5761
https://conda.anaconda.org/conda-forge/noarch/prometheus_client-0.10.1-pyhd8ed1ab_0.tar.bz2#088ca4c07d7b346a2a099b3685a0e992
https://conda.anaconda.org/conda-forge/noarch/ptyprocess-0.7.0-pyhd3deb0d_0.tar.bz2#359eeb6536da0e687af562ed265ec263
https://conda.anaconda.org/conda-forge/noarch/pexpect-4.8.0-pyh9f0ad1d_2.tar.bz2#5909e7b978141dd80d28dbf9de627827
https://conda.anaconda.org/conda-forge/noarch/py-1.10.0-pyhd3deb0d_0.tar.bz2#88ca1328ecc79a070214aa24911bace8
https://conda.anaconda.org/conda-forge/noarch/pycparser-2.20-pyh9f0ad1d_2.tar.bz2#aa798d50ffd182a0f6f31478c7f434f6
https://conda.anaconda.org/conda-forge/win-64/cffi-1.14.5-py39h0878f49_0.tar.bz2#8f5353bca9118addc02ae1331ddadb19
https://conda.anaconda.org/conda-forge/win-64/brotlipy-0.7.0-py39hb82d6ee_1001.tar.bz2#930034c89054b103eec4b9d821f8e196
https://conda.anaconda.org/conda-forge/win-64/cryptography-3.4.7-py39hd8d06c1_0.tar.bz2#fc998c5feff8c1d8c0779f003952eda3
https://conda.anaconda.org/conda-forge/noarch/pygments-2.9.0-pyhd8ed1ab_0.tar.bz2#a2d9bba43c9b80a42b0ccb9afd7223c2
https://conda.anaconda.org/conda-forge/noarch/jupyterlab_pygments-0.1.2-pyh9f0ad1d_0.tar.bz2#2cbd910890bb328e8959246a1e16fac7
https://conda.anaconda.org/conda-forge/noarch/pyopenssl-20.0.1-pyhd8ed1ab_0.tar.bz2#92371c25994d0f5d28a01c1fb75ebf86
https://conda.anaconda.org/conda-forge/noarch/pyparsing-2.4.7-pyh9f0ad1d_0.tar.bz2#626c4f20d5bf06dcec9cf2eaa31725c7
https://conda.anaconda.org/conda-forge/noarch/packaging-20.9-pyh44b312d_0.tar.bz2#be69a38e912054a62dc82cc3c7711a64
https://conda.anaconda.org/conda-forge/noarch/pytz-2021.1-pyhd8ed1ab_0.tar.bz2#3af2e9424d5eb0063824a3f9b850d411
https://conda.anaconda.org/conda-forge/noarch/babel-2.9.1-pyh44b312d_0.tar.bz2#74136ed39bfea0832d338df1e58d013e
https://conda.anaconda.org/conda-forge/noarch/requests-2.25.1-pyhd3deb0d_0.tar.bz2#ae687aba31a1c400192a86a2e993ffdc
https://conda.anaconda.org/conda-forge/noarch/ensureconda-1.4.1-pyhd8ed1ab_0.tar.bz2#52a7f7cc9076e2c8a25e15e19ad42821
https://conda.anaconda.org/conda-forge/noarch/send2trash-1.5.0-py_0.tar.bz2#c3779037a635e1150f1c53c28b875949
https://conda.anaconda.org/conda-forge/noarch/six-1.16.0-pyh6c4a22f_0.tar.bz2#e5f25f8dbc060e9a8d912e432202afc2
https://conda.anaconda.org/conda-forge/win-64/argon2-cffi-20.1.0-py39hb82d6ee_2.tar.bz2#e9e1e8283a4cd2f6c00dadd5fac42f85
https://conda.anaconda.org/conda-forge/win-64/websocket-client-0.57.0-py39hcbf5309_4.tar.bz2#51cfeb27a94f879925029be166909a7d
https://conda.anaconda.org/conda-forge/noarch/python-dateutil-2.8.1-py_0.tar.bz2#0d0150ed9c2d25817f5324108d3f7571
https://conda.anaconda.org/conda-forge/noarch/smmap-3.0.5-pyh44b312d_0.tar.bz2#3a8dc70789709aa315325d5df06fb7e4
https://conda.anaconda.org/conda-forge/noarch/gitdb-4.0.7-pyhd8ed1ab_0.tar.bz2#12977b4cc317a6ee2939aedcb09a4898
https://conda.anaconda.org/conda-forge/noarch/testpath-0.5.0-pyhd8ed1ab_0.tar.bz2#53b57d6a468bebc7cef1253b177a5e9e
https://conda.anaconda.org/conda-forge/noarch/toml-0.10.2-pyhd8ed1ab_0.tar.bz2#f832c45a477c78bebd107098db465095
https://conda.anaconda.org/conda-forge/win-64/pytest-6.2.4-py39hcbf5309_0.tar.bz2#e69ac4c2c2fe0486c409a7a8240abca6
https://conda.anaconda.org/conda-forge/noarch/conda-lock-0.9.1-pyhd8ed1ab_0.tar.bz2#c918c8071db1665663a46371b0a46620
https://conda.anaconda.org/conda-forge/noarch/tqdm-4.60.0-pyhd8ed1ab_0.tar.bz2#d4d22fcd50ccf1925fe59efd36ba4358
https://conda.anaconda.org/conda-forge/win-64/conda-package-handling-1.7.3-py39hb3671d1_0.tar.bz2#7664e2aa55db5f9f0da331683b6ab0e3
https://conda.anaconda.org/conda-forge/win-64/conda-4.10.1-py39hcbf5309_0.tar.bz2#232584b23b2698dcde8f08591c3bdd45
https://conda.anaconda.org/conda-forge/win-64/mamba-0.13.0-py39h006a82b_0.tar.bz2#b1f1842157a0fe8dcd2fa120c268f8c2
https://conda.anaconda.org/conda-forge/noarch/traitlets-5.0.5-py_0.tar.bz2#99618ee9ab1323e40f231acdab92fe60
https://conda.anaconda.org/conda-forge/noarch/typing_extensions-3.7.4.3-py_0.tar.bz2#12b96e382730541a4b332420227055ae
https://conda.anaconda.org/conda-forge/noarch/urllib3-1.26.4-pyhd8ed1ab_0.tar.bz2#d7b20b328e23d993994ea02077c009c0
https://conda.anaconda.org/conda-forge/noarch/wcwidth-0.2.5-pyh9f0ad1d_2.tar.bz2#5266fcd697043c59621fda522b3d78ee
https://conda.anaconda.org/conda-forge/noarch/webencodings-0.5.1-py_1.tar.bz2#3563be4c5611a44210d9ba0c16113136
https://conda.anaconda.org/conda-forge/noarch/zipp-3.4.1-pyhd8ed1ab_0.tar.bz2#a4fa30eb74a326092b3d8078b1f1aae1
https://conda.anaconda.org/conda-forge/noarch/bleach-3.3.0-pyh44b312d_0.tar.bz2#abf6b76c39358ca36ca706c46f054f2a
https://conda.anaconda.org/conda-forge/noarch/gitpython-3.1.17-pyhd8ed1ab_0.tar.bz2#915fe5706364d57cccb86f3ae76119a2
https://conda.anaconda.org/conda-forge/win-64/importlib-metadata-4.0.1-py39hcbf5309_0.tar.bz2#8e7eca1c59dd9c1eb6ea8e07bbe0511b
https://conda.anaconda.org/conda-forge/win-64/jupyter_core-4.7.1-py39hcbf5309_0.tar.bz2#1b2f4d216f73727efc1f688b9dd4f348
https://conda.anaconda.org/conda-forge/noarch/markdown-it-py-1.1.0-pyhd8ed1ab_0.tar.bz2#84e8dfb1a9e6a824f32fd45b867271ca
https://conda.anaconda.org/conda-forge/noarch/matplotlib-inline-0.1.2-pyhd8ed1ab_2.tar.bz2#0967e1db58b16e416464ca399f87df79
https://conda.anaconda.org/conda-forge/noarch/prompt-toolkit-3.0.18-pyha770c72_0.tar.bz2#aa44d0f71016061e83df1126764acdb7
https://conda.anaconda.org/conda-forge/win-64/ipython-7.23.1-py39h832f523_0.tar.bz2#72b1dcbcc87d15dd4ef690d593df4a0b
https://conda.anaconda.org/conda-forge/noarch/jsonschema-3.2.0-pyhd8ed1ab_3.tar.bz2#66125e28711d8ffc04a207a2b170316d
https://conda.anaconda.org/conda-forge/noarch/jupyter_client-6.1.12-pyhd8ed1ab_0.tar.bz2#f58b38ddb9f94fa3cafea4ba2b17f93b
https://conda.anaconda.org/conda-forge/win-64/ipykernel-5.5.5-py39h832f523_0.tar.bz2#041964a1d572ac0819a538bc10e9df6c
https://conda.anaconda.org/conda-forge/noarch/nbformat-5.1.3-pyhd8ed1ab_0.tar.bz2#bafa5df6d4f8db69a4d197b4657127e7
https://conda.anaconda.org/conda-forge/noarch/jupytext-1.11.2-pyh6c4a22f_0.tar.bz2#40d3765b7a6b3d593551a76c8ca07138
https://conda.anaconda.org/conda-forge/noarch/nbclient-0.5.3-pyhd8ed1ab_0.tar.bz2#67f12831640fde52fe9be1bbc6b699e7
https://conda.anaconda.org/conda-forge/win-64/nbconvert-6.0.7-py39hcbf5309_3.tar.bz2#82e64dbf77dc5df9f3fb3257e26386bd
https://conda.anaconda.org/conda-forge/noarch/jupyter_server-1.8.0-pyhd8ed1ab_0.tar.bz2#969aeead1aa6309d60dfcf19125ebd04
https://conda.anaconda.org/conda-forge/noarch/notebook-6.4.0-pyha770c72_0.tar.bz2#1edbf3ee7482e201e572db0211e17f30
https://conda.anaconda.org/conda-forge/noarch/jupyter-server-mathjax-0.2.2-pyhd8ed1ab_0.tar.bz2#6d37c4f5e62deb88a08225f235591918
https://conda.anaconda.org/conda-forge/noarch/jupyterlab_server-2.5.2-pyhd8ed1ab_0.tar.bz2#2640682b039ee2ec518b5b422d635b07
https://conda.anaconda.org/conda-forge/noarch/nbclassic-0.2.8-pyhd8ed1ab_0.tar.bz2#e0904f21a441e1ad2475755ce584784f
https://conda.anaconda.org/conda-forge/noarch/jupyterlab-3.0.16-pyhd8ed1ab_0.tar.bz2#48c10ee082d1649df09476e55bdc84e9
https://conda.anaconda.org/conda-forge/noarch/nbdime-3.0.0-pyhd8ed1ab_0.tar.bz2#022b6daf370936ae4086bb5bbc1fe6fa
https://conda.anaconda.org/conda-forge/noarch/jupyterlab-git-0.30.1-pyhd8ed1ab_0.tar.bz2#c1f1d4868b0bf646d49e89d5bc3351a5
